PODS:
  - Alamofire (4.0.1)
  - SnapKit (3.0.1)
  - SwiftyJSON (3.1.0)

DEPENDENCIES:
  - Alamofire (~> 4.0.0)
  - SnapKit (~> 3.0.0)
  - SwiftyJSON (~> 3.1.0)

SPEC CHECKSUMS:
  Alamofire: 7682d43245de14874acd142ec137b144aa1dd335
  SnapKit: f818b8326d45b4e1c777d0ab27b5c0a3624bfdeb
  SwiftyJSON: 29b9f2a64f118c07e691667c2ba1efe536acfe0b

PODFILE CHECKSUM: ae1f477b55ac14361385b4b5daeef1dd1dd66d86

COCOAPODS: 1.0.0
